{
  "name": "project-health",
  "version": "0.1.0",
  "lockfileVersion": 1,
  "requires": true,
  "dependencies": {
    "@types/async": {
      "version": "2.0.44",
      "resolved": "https://registry.npmjs.org/@types/async/-/async-2.0.44.tgz",
      "integrity": "sha512-tE5HO+BSq3xfLWTaXyty1ITfs9Uu8CA4dYf1TeEtcPAtQEOY0c/oZYMtbEHFsUExD0g+sWmKYxtjeRQ2ywrp8Q==",
      "optional": true
    },
    "@types/graphql": {
      "version": "0.11.5",
      "resolved": "https://registry.npmjs.org/@types/graphql/-/graphql-0.11.5.tgz",
      "integrity": "sha512-s7w/gfCoD3+IwiGsfn/VGu7XSX0bwv/HA9sU9NmdRwKzx4R8s9u7mqmGRGOcxRzzNEpy93Zv9PK+sZbFNdQ5fg=="
    },
    "@types/node": {
      "version": "8.0.47",
      "resolved": "https://registry.npmjs.org/@types/node/-/node-8.0.47.tgz",
      "integrity": "sha1-lo5Zb5Gs1ZBpBUVYoAcIxEXKMMI="
    },
    "@types/node-fetch": {
      "version": "1.6.7",
      "resolved": "https://registry.npmjs.org/@types/node-fetch/-/node-fetch-1.6.7.tgz",
      "integrity": "sha1-UhB46PDGmhWOUCIAWsqS0mIPbVc=",
      "requires": {
        "@types/node": "8.0.47"
      }
    },
    "@types/zen-observable": {
      "version": "0.5.3",
      "resolved": "https://registry.npmjs.org/@types/zen-observable/-/zen-observable-0.5.3.tgz",
      "integrity": "sha512-aDvGDAHcVfUqNmd8q4//cHAP+HGxsbChbBbuk3+kMVk5TTxfWLpQWvVN3+UPjohLnwMYN7jr6BWNn2cYNqdm7g=="
    },
    "apollo-cache": {
      "version": "1.0.0",
      "resolved": "https://registry.npmjs.org/apollo-cache/-/apollo-cache-1.0.0.tgz",
      "integrity": "sha512-hvujtpTtZWh0/DmDcQsCzF2MyDZW30BuHLhvZyVG/kTjhWvrMurgRr5lR2U3P/pUDi0na5IomWTBlKaszwgerA==",
      "requires": {
        "apollo-utilities": "1.0.1"
      }
    },
    "apollo-cache-inmemory": {
      "version": "1.0.0",
      "resolved": "https://registry.npmjs.org/apollo-cache-inmemory/-/apollo-cache-inmemory-1.0.0.tgz",
      "integrity": "sha512-8jRQOajNK+OHWhmOGOVbemAXOx2RFSHT8vwBu9fN89H1GiEjG9azOEH8nFRj0mlkL3tDwqDxLvvFqWDCpFn8SQ==",
      "requires": {
        "apollo-cache": "1.0.0",
        "apollo-utilities": "1.0.1",
        "graphql-anywhere": "4.0.0"
      }
    },
    "apollo-client": {
      "version": "2.0.1",
      "resolved": "https://registry.npmjs.org/apollo-client/-/apollo-client-2.0.1.tgz",
      "integrity": "sha512-zxzvVGzSm51Dy8+xou9IIeYjPgOI2AY1EvuP4mROKTRXO8HDleTmmEAwjeFuPlF1i/8JMrBbLt1J+CJjaren0Q==",
      "requires": {
        "@types/async": "2.0.44",
        "apollo-cache": "1.0.0",
        "apollo-link": "1.0.0",
        "apollo-link-dedup": "1.0.0",
        "apollo-utilities": "1.0.1",
        "symbol-observable": "1.0.4"
      }
    },
    "apollo-link": {
      "version": "1.0.0",
      "resolved": "https://registry.npmjs.org/apollo-link/-/apollo-link-1.0.0.tgz",
      "integrity": "sha512-tlbNNokM4v6I6PAQ19dV8hhykqkuqgT00DgH6b5I0dTTiJL7i4bNLVm+X6Si/cqu66akvjuRQsqUgjH3Du0Cgw==",
      "requires": {
        "apollo-utilities": "0.2.0-rc.3",
        "zen-observable": "0.6.0"
      },
      "dependencies": {
        "apollo-utilities": {
          "version": "0.2.0-rc.3",
          "resolved": "https://registry.npmjs.org/apollo-utilities/-/apollo-utilities-0.2.0-rc.3.tgz",
          "integrity": "sha512-UM5ok/DUKSgh/3T302hoPqCAhqfXdvBaQKOQJb0QUuX3qu2qVKzvwFsv/C3zWYySeCJTP9EoV2LtooIJOhSL4g=="
        }
      }
    },
    "apollo-link-dedup": {
      "version": "1.0.0",
      "resolved": "https://registry.npmjs.org/apollo-link-dedup/-/apollo-link-dedup-1.0.0.tgz",
      "integrity": "sha512-9ARdvKl/Y1Cgz+Hx7IMPYToOiwD+88F5wcRs/RS2gmkNivy9qfDhGddTvEvi01urBYaXSKWuOL5xVU4Hqy2Hbg=="
    },
    "apollo-link-http": {
      "version": "1.1.0",
      "resolved": "https://registry.npmjs.org/apollo-link-http/-/apollo-link-http-1.1.0.tgz",
      "integrity": "sha512-K4ObtVTj6/15tqFgFEThBEFLWzVSKFq9bHvFvO099h+34qreTKSJ75rUFx20Aso0Kbtlr9aT3WBqUEjuiqLcCA=="
    },
    "apollo-utilities": {
      "version": "1.0.1",
      "resolved": "https://registry.npmjs.org/apollo-utilities/-/apollo-utilities-1.0.1.tgz",
      "integrity": "sha512-o41biJGBjGCE9Nc6oDA+z0Q/rTeXj8WDqZ3v5Y2v1vwywg2VehY7sPWUm37eXa+FvE7aYMMR9gbIoRLAtbIzYQ=="
    },
    "async": {
      "version": "1.5.2",
      "resolved": "https://registry.npmjs.org/async/-/async-1.5.2.tgz",
      "integrity": "sha1-7GphrlZIDAw8skHJVhjiCJL5Zyo=",
      "dev": true
    },
    "balanced-match": {
      "version": "1.0.0",
      "resolved": "https://registry.npmjs.org/balanced-match/-/balanced-match-1.0.0.tgz",
      "integrity": "sha1-ibTRmasr7kneFk6gK4nORi1xt2c=",
      "dev": true
    },
    "brace-expansion": {
      "version": "1.1.8",
      "resolved": "https://registry.npmjs.org/brace-expansion/-/brace-expansion-1.1.8.tgz",
      "integrity": "sha1-wHshHHyVLsH479Uad+8NHTmQopI=",
      "dev": true,
      "requires": {
        "balanced-match": "1.0.0",
        "concat-map": "0.0.1"
      }
    },
    "clang-format": {
      "version": "1.1.0",
      "resolved": "https://registry.npmjs.org/clang-format/-/clang-format-1.1.0.tgz",
      "integrity": "sha512-0Aru49uTLoROl4sPTyO3fvF/NZ+fnGEy5i7bsRwA/bAYT+eWaAxK3sDxRvm/AW7Nwq83BvARH/npeF8OIAaGVQ==",
      "dev": true,
      "requires": {
        "async": "1.5.2",
        "glob": "7.1.2",
        "resolve": "1.5.0"
      }
    },
    "concat-map": {
      "version": "0.0.1",
      "resolved": "https://registry.npmjs.org/concat-map/-/concat-map-0.0.1.tgz",
      "integrity": "sha1-2Klr13/Wjfd5OnMDajug1UBdR3s=",
      "dev": true
    },
    "encoding": {
      "version": "0.1.12",
      "resolved": "https://registry.npmjs.org/encoding/-/encoding-0.1.12.tgz",
      "integrity": "sha1-U4tm8+5izRq1HsMjgp0flIDHS+s=",
      "requires": {
        "iconv-lite": "0.4.19"
      }
    },
    "fs.realpath": {
      "version": "1.0.0",
      "resolved": "https://registry.npmjs.org/fs.realpath/-/fs.realpath-1.0.0.tgz",
      "integrity": "sha1-FQStJSMVjKpA20onh8sBQRmU6k8=",
      "dev": true
    },
    "glob": {
      "version": "7.1.2",
      "resolved": "https://registry.npmjs.org/glob/-/glob-7.1.2.tgz",
      "integrity": "sha512-MJTUg1kjuLeQCJ+ccE4Vpa6kKVXkPYJ2mOCQyUuKLcLQsdrMCpBPUi8qVE6+YuaJkozeA9NusTAw3hLr8Xe5EQ==",
      "dev": true,
      "requires": {
        "fs.realpath": "1.0.0",
        "inflight": "1.0.6",
        "inherits": "2.0.3",
        "minimatch": "3.0.4",
        "once": "1.4.0",
        "path-is-absolute": "1.0.1"
      }
    },
    "graphql-anywhere": {
      "version": "4.0.0",
      "resolved": "https://registry.npmjs.org/graphql-anywhere/-/graphql-anywhere-4.0.0.tgz",
      "integrity": "sha512-MhNgKWrbxIRKMqyjAqtqQQzdlvcv+4DmiznMil6+yBKczizkLrEAQcR2NpIw9W3LfXnEfacXsMDhJwy0S00y5Q==",
      "requires": {
        "apollo-utilities": "1.0.1"
      }
    },
    "graphql-tag": {
      "version": "2.5.0",
      "resolved": "https://registry.npmjs.org/graphql-tag/-/graphql-tag-2.5.0.tgz",
      "integrity": "sha1-tDv9i1urzSwgWtaAwD6YsjiTTg8="
    },
    "iconv-lite": {
      "version": "0.4.19",
      "resolved": "https://registry.npmjs.org/iconv-lite/-/iconv-lite-0.4.19.tgz",
      "integrity": "sha512-oTZqweIP51xaGPI4uPa56/Pri/480R+mo7SeU+YETByQNhDG55ycFyNLIgta9vXhILrxXDmF7ZGhqZIcuN0gJQ=="
    },
    "inflight": {
      "version": "1.0.6",
      "resolved": "https://registry.npmjs.org/inflight/-/inflight-1.0.6.tgz",
      "integrity": "sha1-Sb1jMdfQLQwJvJEKEHW6gWW1bfk=",
      "dev": true,
      "requires": {
        "once": "1.4.0",
        "wrappy": "1.0.2"
      }
    },
    "inherits": {
      "version": "2.0.3",
      "resolved": "https://registry.npmjs.org/inherits/-/inherits-2.0.3.tgz",
      "integrity": "sha1-Yzwsg+PaQqUC9SRmAiSA9CCCYd4=",
      "dev": true
    },
    "is-stream": {
      "version": "1.1.0",
      "resolved": "https://registry.npmjs.org/is-stream/-/is-stream-1.1.0.tgz",
      "integrity": "sha1-EtSj3U5o4Lec6428hBc66A2RykQ="
    },
    "minimatch": {
      "version": "3.0.4",
      "resolved": "https://registry.npmjs.org/minimatch/-/minimatch-3.0.4.tgz",
      "integrity": "sha512-yJHVQEhyqPLUTgt9B83PXu6W3rx4MvvHvSUvToogpwoGDOUQ+yDrR0HRot+yOCdCO7u4hX3pWft6kWBBcqh0UA==",
      "dev": true,
      "requires": {
        "brace-expansion": "1.1.8"
      }
    },
    "node-fetch": {
      "version": "1.7.3",
      "resolved": "https://registry.npmjs.org/node-fetch/-/node-fetch-1.7.3.tgz",
      "integrity": "sha512-NhZ4CsKx7cYm2vSrBAr2PvFOe6sWDf0UYLRqA6svUYg7+/TSfVAu49jYC4BvQ4Sms9SZgdqGBgroqfDhJdTyKQ==",
      "requires": {
        "encoding": "0.1.12",
        "is-stream": "1.1.0"
      }
    },
    "once": {
      "version": "1.4.0",
      "resolved": "https://registry.npmjs.org/once/-/once-1.4.0.tgz",
      "integrity": "sha1-WDsap3WWHUsROsF9nFC6753Xa9E=",
      "dev": true,
      "requires": {
        "wrappy": "1.0.2"
      }
    },
    "path-is-absolute": {
      "version": "1.0.1",
      "resolved": "https://registry.npmjs.org/path-is-absolute/-/path-is-absolute-1.0.1.tgz",
      "integrity": "sha1-F0uSaHNVNP+8es5r9TpanhtcX18=",
      "dev": true
    },
    "path-parse": {
      "version": "1.0.5",
      "resolved": "https://registry.npmjs.org/path-parse/-/path-parse-1.0.5.tgz",
      "integrity": "sha1-PBrfhx6pzWyUMbbqK9dKD/BVxME=",
      "dev": true
    },
    "resolve": {
      "version": "1.5.0",
      "resolved": "https://registry.npmjs.org/resolve/-/resolve-1.5.0.tgz",
      "integrity": "sha512-hgoSGrc3pjzAPHNBg+KnFcK2HwlHTs/YrAGUr6qgTVUZmXv1UEXXl0bZNBKMA9fud6lRYFdPGz0xXxycPzmmiw==",
      "dev": true,
      "requires": {
        "path-parse": "1.0.5"
      }
    },
    "symbol-observable": {
      "version": "1.0.4",
      "resolved": "https://registry.npmjs.org/symbol-observable/-/symbol-observable-1.0.4.tgz",
      "integrity": "sha1-Kb9hXUqnEhvdiYsi1LP5vE4qoD0="
    },
    "typescript": {
      "version": "2.6.1",
      "resolved": "https://registry.npmjs.org/typescript/-/typescript-2.6.1.tgz",
      "integrity": "sha1-7znN6ierrAtQAkLWcmq5DgyEZjE=",
      "dev": true
    },
    "wrappy": {
      "version": "1.0.2",
      "resolved": "https://registry.npmjs.org/wrappy/-/wrappy-1.0.2.tgz",
      "integrity": "sha1-tSQ9jz7BqjXxNkYFvA0QNuMKtp8=",
      "dev": true
    },
    "zen-observable": {
      "version": "0.6.0",
      "resolved": "https://registry.npmjs.org/zen-observable/-/zen-observable-0.6.0.tgz",
      "integrity": "sha512-G5v4eFZ1+qJC9U3iyldcc7OLsYfFf6/+/vywU3acbq0qq1PdFXsyfqtOUaQSTwhdbejO7AQWil3GzHxYlMchIg=="
    }
  }
}
